
Microsoft Visual Studio Solution File, Format Version 11.00
# Visual C++ Express 2010
Project("{8BC9CEB8-8B4A-11D0-8D11-00A0C91BC942}") = "Fatorial", "Fatorial\Fatorial.vcxproj", "{C457D99C-0FF8-46CB-95BC-A7FB2EA74345}"
EndProject
Project("{8BC9CEB8-8B4A-11D0-8D11-00A0C91BC942}") = "Fibonacci", "Fibonacci\Fibonacci.vcxproj", "{C4C4CD57-8200-431C-8482-8305B73C1C67}"
EndProject
Project("{8BC9CEB8-8B4A-11D0-8D11-00A0C91BC942}") = "2_Cout", "2_Cout\2_Cout.vcxproj", "{88243145-3DE6-4B52-96CC-39036E198779}"
EndProject
Project("{8BC9CEB8-8B4A-11D0-8D11-00A0C91BC942}") = "1_HelloWorld", "1_HelloWorld\1_HelloWorld.vcxproj", "{A6D64CE3-79D1-4ED5-B29A-7356C19CE7AB}"
EndProject
Project("{8BC9CEB8-8B4A-11D0-8D11-00A0C91BC942}") = "3_Cin", "3_Cin\3_Cin.vcxproj", "{992617AC-1544-4241-B1B9-BE1ABADB59B6}"
EndProject
Project("{8BC9CEB8-8B4A-11D0-8D11-00A0C91BC942}") = "4_VariableDeclaration", "4_VariableDeclaration\4_VariableDeclaration.vcxproj", "{83ADF0B7-3002-4AE8-ADD5-6131491A0E14}"
EndProject
Project("{8BC9CEB8-8B4A-11D0-8D11-00A0C91BC942}") = "5_OperacoesAritmeticas", "5_OperacoesAritmeticas\5_OperacoesAritmeticas.vcxproj", "{BF00F251-D311-458F-9E04-307628677508}"
EndProject
Project("{8BC9CEB8-8B4A-11D0-8D11-00A0C91BC942}") = "6_While", "6_While\6_While.vcxproj", "{499BDFA0-CBEF-41DC-94B3-F9E2B636DB8F}"
EndProject
Project("{8BC9CEB8-8B4A-11D0-8D11-00A0C91BC942}") = "7_If", "7_If\7_If.vcxproj", "{12668F9E-9D09-45A7-80EF-C58F6927F9BA}"
EndProject
Project("{8BC9CEB8-8B4A-11D0-8D11-00A0C91BC942}") = "8_For", "8_For\8_For.vcxproj", "{69E98171-80FE-43F2-B490-18115AA068F4}"
EndProject
Project("{8BC9CEB8-8B4A-11D0-8D11-00A0C91BC942}") = "A_Soma10", "A_Soma10\A_Soma10.vcxproj", "{0AC3F66B-B715-4472-9412-5C222AFF9DB1}"
EndProject
Project("{8BC9CEB8-8B4A-11D0-8D11-00A0C91BC942}") = "A3_IMC", "A3_IMC\A3_IMC.vcxproj", "{C23F973C-7CA0-4DB6-A202-A16F3DA82FE0}"
EndProject
Project("{8BC9CEB8-8B4A-11D0-8D11-00A0C91BC942}") = "A3_IntroFor", "A3_IntroFor\A3_IntroFor.vcxproj", "{A6330023-9C9E-4D44-A7BD-9D4A636D72E8}"
EndProject
Project("{8BC9CEB8-8B4A-11D0-8D11-00A0C91BC942}") = "A3_Functions", "A3_Functions\A3_Functions.vcxproj", "{8C24F025-61D2-43F4-87EA-D47AFF9774F5}"
EndProject
Project("{8BC9CEB8-8B4A-11D0-8D11-00A0C91BC942}") = "A3_Strings", "A3_Strings\A3_Strings.vcxproj", "{E209DB49-2E61-4C6A-B194-5CA1F90EDBBA}"
EndProject
Project("{8BC9CEB8-8B4A-11D0-8D11-00A0C91BC942}") = "A3_Chars", "A3_Chars\A3_Chars.vcxproj", "{76CA6C28-2D9D-45EE-9BE0-BC8890F4EFB7}"
EndProject
Global
	GlobalSection(SolutionConfigurationPlatforms) = preSolution
		Debug|Win32 = Debug|Win32
		Release|Win32 = Release|Win32
	EndGlobalSection
	GlobalSection(ProjectConfigurationPlatforms) = postSolution
		{C457D99C-0FF8-46CB-95BC-A7FB2EA74345}.Debug|Win32.ActiveCfg = Debug|Win32
		{C457D99C-0FF8-46CB-95BC-A7FB2EA74345}.Debug|Win32.Build.0 = Debug|Win32
		{C457D99C-0FF8-46CB-95BC-A7FB2EA74345}.Release|Win32.ActiveCfg = Release|Win32
		{C457D99C-0FF8-46CB-95BC-A7FB2EA74345}.Release|Win32.Build.0 = Release|Win32
		{C4C4CD57-8200-431C-8482-8305B73C1C67}.Debug|Win32.ActiveCfg = Debug|Win32
		{C4C4CD57-8200-431C-8482-8305B73C1C67}.Debug|Win32.Build.0 = Debug|Win32
		{C4C4CD57-8200-431C-8482-8305B73C1C67}.Release|Win32.ActiveCfg = Release|Win32
		{C4C4CD57-8200-431C-8482-8305B73C1C67}.Release|Win32.Build.0 = Release|Win32
		{88243145-3DE6-4B52-96CC-39036E198779}.Debug|Win32.ActiveCfg = Debug|Win32
		{88243145-3DE6-4B52-96CC-39036E198779}.Debug|Win32.Build.0 = Debug|Win32
		{88243145-3DE6-4B52-96CC-39036E198779}.Release|Win32.ActiveCfg = Release|Win32
		{88243145-3DE6-4B52-96CC-39036E198779}.Release|Win32.Build.0 = Release|Win32
		{A6D64CE3-79D1-4ED5-B29A-7356C19CE7AB}.Debug|Win32.ActiveCfg = Debug|Win32
		{A6D64CE3-79D1-4ED5-B29A-7356C19CE7AB}.Debug|Win32.Build.0 = Debug|Win32
		{A6D64CE3-79D1-4ED5-B29A-7356C19CE7AB}.Release|Win32.ActiveCfg = Release|Win32
		{A6D64CE3-79D1-4ED5-B29A-7356C19CE7AB}.Release|Win32.Build.0 = Release|Win32
		{992617AC-1544-4241-B1B9-BE1ABADB59B6}.Debug|Win32.ActiveCfg = Debug|Win32
		{992617AC-1544-4241-B1B9-BE1ABADB59B6}.Debug|Win32.Build.0 = Debug|Win32
		{992617AC-1544-4241-B1B9-BE1ABADB59B6}.Release|Win32.ActiveCfg = Release|Win32
		{992617AC-1544-4241-B1B9-BE1ABADB59B6}.Release|Win32.Build.0 = Release|Win32
		{83ADF0B7-3002-4AE8-ADD5-6131491A0E14}.Debug|Win32.ActiveCfg = Debug|Win32
		{83ADF0B7-3002-4AE8-ADD5-6131491A0E14}.Debug|Win32.Build.0 = Debug|Win32
		{83ADF0B7-3002-4AE8-ADD5-6131491A0E14}.Release|Win32.ActiveCfg = Release|Win32
		{83ADF0B7-3002-4AE8-ADD5-6131491A0E14}.Release|Win32.Build.0 = Release|Win32
		{BF00F251-D311-458F-9E04-307628677508}.Debug|Win32.ActiveCfg = Debug|Win32
		{BF00F251-D311-458F-9E04-307628677508}.Debug|Win32.Build.0 = Debug|Win32
		{BF00F251-D311-458F-9E04-307628677508}.Release|Win32.ActiveCfg = Release|Win32
		{BF00F251-D311-458F-9E04-307628677508}.Release|Win32.Build.0 = Release|Win32
		{499BDFA0-CBEF-41DC-94B3-F9E2B636DB8F}.Debug|Win32.ActiveCfg = Debug|Win32
		{499BDFA0-CBEF-41DC-94B3-F9E2B636DB8F}.Debug|Win32.Build.0 = Debug|Win32
		{499BDFA0-CBEF-41DC-94B3-F9E2B636DB8F}.Release|Win32.ActiveCfg = Release|Win32
		{499BDFA0-CBEF-41DC-94B3-F9E2B636DB8F}.Release|Win32.Build.0 = Release|Win32
		{12668F9E-9D09-45A7-80EF-C58F6927F9BA}.Debug|Win32.ActiveCfg = Debug|Win32
		{12668F9E-9D09-45A7-80EF-C58F6927F9BA}.Debug|Win32.Build.0 = Debug|Win32
		{12668F9E-9D09-45A7-80EF-C58F6927F9BA}.Release|Win32.ActiveCfg = Release|Win32
		{12668F9E-9D09-45A7-80EF-C58F6927F9BA}.Release|Win32.Build.0 = Release|Win32
		{69E98171-80FE-43F2-B490-18115AA068F4}.Debug|Win32.ActiveCfg = Debug|Win32
		{69E98171-80FE-43F2-B490-18115AA068F4}.Debug|Win32.Build.0 = Debug|Win32
		{69E98171-80FE-43F2-B490-18115AA068F4}.Release|Win32.ActiveCfg = Release|Win32
		{69E98171-80FE-43F2-B490-18115AA068F4}.Release|Win32.Build.0 = Release|Win32
		{0AC3F66B-B715-4472-9412-5C222AFF9DB1}.Debug|Win32.ActiveCfg = Debug|Win32
		{0AC3F66B-B715-4472-9412-5C222AFF9DB1}.Debug|Win32.Build.0 = Debug|Win32
		{0AC3F66B-B715-4472-9412-5C222AFF9DB1}.Release|Win32.ActiveCfg = Release|Win32
		{0AC3F66B-B715-4472-9412-5C222AFF9DB1}.Release|Win32.Build.0 = Release|Win32
		{C23F973C-7CA0-4DB6-A202-A16F3DA82FE0}.Debug|Win32.ActiveCfg = Debug|Win32
		{C23F973C-7CA0-4DB6-A202-A16F3DA82FE0}.Debug|Win32.Build.0 = Debug|Win32
		{C23F973C-7CA0-4DB6-A202-A16F3DA82FE0}.Release|Win32.ActiveCfg = Release|Win32
		{C23F973C-7CA0-4DB6-A202-A16F3DA82FE0}.Release|Win32.Build.0 = Release|Win32
		{A6330023-9C9E-4D44-A7BD-9D4A636D72E8}.Debug|Win32.ActiveCfg = Debug|Win32
		{A6330023-9C9E-4D44-A7BD-9D4A636D72E8}.Debug|Win32.Build.0 = Debug|Win32
		{A6330023-9C9E-4D44-A7BD-9D4A636D72E8}.Release|Win32.ActiveCfg = Release|Win32
		{A6330023-9C9E-4D44-A7BD-9D4A636D72E8}.Release|Win32.Build.0 = Release|Win32
		{8C24F025-61D2-43F4-87EA-D47AFF9774F5}.Debug|Win32.ActiveCfg = Debug|Win32
		{8C24F025-61D2-43F4-87EA-D47AFF9774F5}.Debug|Win32.Build.0 = Debug|Win32
		{8C24F025-61D2-43F4-87EA-D47AFF9774F5}.Release|Win32.ActiveCfg = Release|Win32
		{8C24F025-61D2-43F4-87EA-D47AFF9774F5}.Release|Win32.Build.0 = Release|Win32
		{E209DB49-2E61-4C6A-B194-5CA1F90EDBBA}.Debug|Win32.ActiveCfg = Debug|Win32
		{E209DB49-2E61-4C6A-B194-5CA1F90EDBBA}.Debug|Win32.Build.0 = Debug|Win32
		{E209DB49-2E61-4C6A-B194-5CA1F90EDBBA}.Release|Win32.ActiveCfg = Release|Win32
		{E209DB49-2E61-4C6A-B194-5CA1F90EDBBA}.Release|Win32.Build.0 = Release|Win32
		{76CA6C28-2D9D-45EE-9BE0-BC8890F4EFB7}.Debug|Win32.ActiveCfg = Debug|Win32
		{76CA6C28-2D9D-45EE-9BE0-BC8890F4EFB7}.Debug|Win32.Build.0 = Debug|Win32
		{76CA6C28-2D9D-45EE-9BE0-BC8890F4EFB7}.Release|Win32.ActiveCfg = Release|Win32
		{76CA6C28-2D9D-45EE-9BE0-BC8890F4EFB7}.Release|Win32.Build.0 = Release|Win32
	EndGlobalSection
	GlobalSection(SolutionProperties) = preSolution
		HideSolutionNode = FALSE
	EndGlobalSection
EndGlobal
